
Microsoft Visual Studio Solution File, Format Version 12.00
# Visual Studio Version 16
VisualStudioVersion = 16.0.31605.320
MinimumVisualStudioVersion = 10.0.40219.1
Project("{9A19103F-16F7-4668-BE54-9A1E7A4F7556}") = "Snap", "Snap\Snap.csproj", "{A019307F-35E8-4000-AFAA-99108D28514D}"
EndProject
Global
	GlobalSection(SolutionConfigurationPlatforms) = preSolution
		Debug|Any CPU = Debug|Any CPU
		Release|Any CPU = Release|Any CPU
	EndGlobalSection
	GlobalSection(ProjectConfigurationPlatforms) = postSolution
		{A019307F-35E8-4000-AFAA-99108D28514D}.Debug|Any CPU.ActiveCfg = Debug|Any CPU
		{A019307F-35E8-4000-AFAA-99108D28514D}.Debug|Any CPU.Build.0 = Debug|Any CPU
		{A019307F-35E8-4000-AFAA-99108D28514D}.Release|Any CPU.ActiveCfg = Release|Any CPU
		{A019307F-35E8-4000-AFAA-99108D28514D}.Release|Any CPU.Build.0 = Release|Any CPU
	EndGlobalSection
	GlobalSection(SolutionProperties) = preSolution
		HideSolutionNode = FALSE
	EndGlobalSection
	GlobalSection(ExtensibilityGlobals) = postSolution
		SolutionGuid = {651227EE-81E4-4B80-9BAD-AD593F3C543A}
	EndGlobalSection
EndGlobal
